// !$*UTF8*$!
{
	archiveVersion = 1;
	classes = {
	};
	objectVersion = 46;
	objects = {

/* Begin PBXBuildFile section */
		4B1ED8231A7D9EAF0049ADFA /* main.m in Sources */ = {isa = PBXBuildFile; fileRef = 4B1ED8221A7D9EAF0049ADFA /* main.m */; };
		4B1ED8261A7D9EAF0049ADFA /* AppDelegate.m in Sources */ = {isa = PBXBuildFile; fileRef = 4B1ED8251A7D9EAF0049ADFA /* AppDelegate.m */; };
		4B1ED8291A7D9EAF0049ADFA /* ailos.xcdatamodeld in Sources */ = {isa = PBXBuildFile; fileRef = 4B1ED8271A7D9EAF0049ADFA /* ailos.xcdatamodeld */; };
		4B1ED82F1A7D9EAF0049ADFA /* Main.storyboard in Resources */ = {isa = PBXBuildFile; fileRef = 4B1ED82D1A7D9EAF0049ADFA /* Main.storyboard */; };
		4B1ED8311A7D9EAF0049ADFA /* Images.xcassets in Resources */ = {isa = PBXBuildFile; fileRef = 4B1ED8301A7D9EAF0049ADFA /* Images.xcassets */; };
		4B1ED8341A7D9EAF0049ADFA /* LaunchScreen.xib in Resources */ = {isa = PBXBuildFile; fileRef = 4B1ED8321A7D9EAF0049ADFA /* LaunchScreen.xib */; };
		4B1ED8401A7D9EB00049ADFA /* ailosTests.m in Sources */ = {isa = PBXBuildFile; fileRef = 4B1ED83F1A7D9EB00049ADFA /* ailosTests.m */; };
		4B1ED8571A7DAAFB0049ADFA /* AIHomeViewController.m in Sources */ = {isa = PBXBuildFile; fileRef = 4B1ED8561A7DAAFB0049ADFA /* AIHomeViewController.m */; };
		4B1ED85B1A7DB8D50049ADFA /* AIHomeView.m in Sources */ = {isa = PBXBuildFile; fileRef = 4B1ED85A1A7DB8D50049ADFA /* AIHomeView.m */; };
		4B1ED85E1A7DBB2F0049ADFA /* AIBaseViewController.m in Sources */ = {isa = PBXBuildFile; fileRef = 4B1ED85D1A7DBB2F0049ADFA /* AIBaseViewController.m */; };
		4B1ED8611A7DBCC70049ADFA /* AIConstants.m in Sources */ = {isa = PBXBuildFile; fileRef = 4B1ED8601A7DBCC70049ADFA /* AIConstants.m */; };
		4B1ED8661A7DC12E0049ADFA /* AIBaseView.m in Sources */ = {isa = PBXBuildFile; fileRef = 4B1ED8651A7DC12E0049ADFA /* AIBaseView.m */; };
		4B1ED8691A7EB7120049ADFA /* UIColor+ailos.m in Sources */ = {isa = PBXBuildFile; fileRef = 4B1ED8681A7EB7120049ADFA /* UIColor+ailos.m */; };
		4B1ED86C1A7EC4C00049ADFA /* AIUIFactory.m in Sources */ = {isa = PBXBuildFile; fileRef = 4B1ED86B1A7EC4C00049ADFA /* AIUIFactory.m */; };
		4B1ED86F1A7ECA5B0049ADFA /* AIBarcode.m in Sources */ = {isa = PBXBuildFile; fileRef = 4B1ED86E1A7ECA5B0049ADFA /* AIBarcode.m */; };
		4B1ED8721A7ECBD20049ADFA /* AIScannerViewController.m in Sources */ = {isa = PBXBuildFile; fileRef = 4B1ED8711A7ECBD20049ADFA /* AIScannerViewController.m */; };
		4B1ED8751A7ED4340049ADFA /* AVFoundation.framework in Frameworks */ = {isa = PBXBuildFile; fileRef = 4B1ED8741A7ED4340049ADFA /* AVFoundation.framework */; };
		4B74EAFA1A993727009AA7FF /* AIService.m in Sources */ = {isa = PBXBuildFile; fileRef = 4B74EAF91A993727009AA7FF /* AIService.m */; };
		4B823FCA1A997591000ED3E0 /* AIProfile.m in Sources */ = {isa = PBXBuildFile; fileRef = 4B823FC91A997591000ED3E0 /* AIProfile.m */; };
		4B823FCD1A99782B000ED3E0 /* AINutrient.m in Sources */ = {isa = PBXBuildFile; fileRef = 4B823FCC1A99782B000ED3E0 /* AINutrient.m */; };
		4B823FD01A99790F000ED3E0 /* AIAllergen.m in Sources */ = {isa = PBXBuildFile; fileRef = 4B823FCF1A99790F000ED3E0 /* AIAllergen.m */; };
		4B823FD31A997CDB000ED3E0 /* AIProduct.m in Sources */ = {isa = PBXBuildFile; fileRef = 4B823FD21A997CDB000ED3E0 /* AIProduct.m */; };
		4B823FD61A9981B7000ED3E0 /* AIProductSearchResult.m in Sources */ = {isa = PBXBuildFile; fileRef = 4B823FD51A9981B7000ED3E0 /* AIProductSearchResult.m */; };
		4B823FD91A998780000ED3E0 /* AIAdditive.m in Sources */ = {isa = PBXBuildFile; fileRef = 4B823FD81A998780000ED3E0 /* AIAdditive.m */; };
		4B823FDC1A9988C8000ED3E0 /* AIProcingredient.m in Sources */ = {isa = PBXBuildFile; fileRef = 4B823FDB1A9988C8000ED3E0 /* AIProcingredient.m */; };
		4B823FDF1A998CF9000ED3E0 /* AIAllergenAdditve.m in Sources */ = {isa = PBXBuildFile; fileRef = 4B823FDE1A998CF9000ED3E0 /* AIAllergenAdditve.m */; };
		4B823FE21A9A3CB8000ED3E0 /* AIMyIngredient.m in Sources */ = {isa = PBXBuildFile; fileRef = 4B823FE11A9A3CB8000ED3E0 /* AIMyIngredient.m */; };
		4B823FE51A9A409A000ED3E0 /* AIMySort.m in Sources */ = {isa = PBXBuildFile; fileRef = 4B823FE41A9A409A000ED3E0 /* AIMySort.m */; };
		4BABA8731A9A73B90032EAA3 /* AIEditProfileViewController.m in Sources */ = {isa = PBXBuildFile; fileRef = 4BABA8721A9A73B90032EAA3 /* AIEditProfileViewController.m */; };
		4BABA8771A9A763E0032EAA3 /* AIEditProfileView.m in Sources */ = {isa = PBXBuildFile; fileRef = 4BABA8761A9A763E0032EAA3 /* AIEditProfileView.m */; };
		4BABA87E1A9A8AAD0032EAA3 /* AITableSection.m in Sources */ = {isa = PBXBuildFile; fileRef = 4BABA87D1A9A8AAD0032EAA3 /* AITableSection.m */; };
		4BABA8821A9A8BA90032EAA3 /* AITableCell.m in Sources */ = {isa = PBXBuildFile; fileRef = 4BABA8811A9A8BA90032EAA3 /* AITableCell.m */; };
		4BABA8851A9A8D680032EAA3 /* AITableRow.m in Sources */ = {isa = PBXBuildFile; fileRef = 4BABA8841A9A8D680032EAA3 /* AITableRow.m */; };
		4BABA8881A9A997E0032EAA3 /* AIEditProfileViewModel.m in Sources */ = {isa = PBXBuildFile; fileRef = 4BABA8871A9A997E0032EAA3 /* AIEditProfileViewModel.m */; };
		4BABA88D1A9AB1970032EAA3 /* AIProfileNutrientList.m in Sources */ = {isa = PBXBuildFile; fileRef = 4BABA88C1A9AB1970032EAA3 /* AIProfileNutrientList.m */; };
		4BABA8901A9AB3B60032EAA3 /* AINutrientsView.m in Sources */ = {isa = PBXBuildFile; fileRef = 4BABA88F1A9AB3B60032EAA3 /* AINutrientsView.m */; };
		4BABA8F51A9CD7C20032EAA3 /* AIProductDetailViewController.m in Sources */ = {isa = PBXBuildFile; fileRef = 4BABA8F41A9CD7C20032EAA3 /* AIProductDetailViewController.m */; };
		4BABA8F91A9CD7F20032EAA3 /* AIProductListView.m in Sources */ = {isa = PBXBuildFile; fileRef = 4BABA8F81A9CD7F20032EAA3 /* AIProductListView.m */; };
		4BABA8FC1A9CDAA90032EAA3 /* AIProductListViewController.m in Sources */ = {isa = PBXBuildFile; fileRef = 4BABA8FB1A9CDAA90032EAA3 /* AIProductListViewController.m */; };
		4BABA8FF1A9CFBA80032EAA3 /* AILabelSearchResult.m in Sources */ = {isa = PBXBuildFile; fileRef = 4BABA8FE1A9CFBA80032EAA3 /* AILabelSearchResult.m */; };
		4BABA9031A9D02930032EAA3 /* AILabelViewController.m in Sources */ = {isa = PBXBuildFile; fileRef = 4BABA9021A9D02930032EAA3 /* AILabelViewController.m */; };
		4BABA9071A9D24BA0032EAA3 /* AILabelListView.m in Sources */ = {isa = PBXBuildFile; fileRef = 4BABA9061A9D24BA0032EAA3 /* AILabelListView.m */; };
		4BABA90A1A9D64400032EAA3 /* AILabelHeaderView.m in Sources */ = {isa = PBXBuildFile; fileRef = 4BABA9091A9D64400032EAA3 /* AILabelHeaderView.m */; };
		4BABA90D1A9D77150032EAA3 /* AILabelViewModel.m in Sources */ = {isa = PBXBuildFile; fileRef = 4BABA90C1A9D77150032EAA3 /* AILabelViewModel.m */; };
		4BABA9481AA182D90032EAA3 /* AILabelCellView.m in Sources */ = {isa = PBXBuildFile; fileRef = 4BABA9471AA182D90032EAA3 /* AILabelCellView.m */; };
		4BAF463D1A993DFD00971EAC /* AISession.m in Sources */ = {isa = PBXBuildFile; fileRef = 4BAF463C1A993DFD00971EAC /* AISession.m */; };
		4BAF46401A995C7D00971EAC /* AIUser.m in Sources */ = {isa = PBXBuildFile; fileRef = 4BAF463F1A995C7D00971EAC /* AIUser.m */; };
		5DED7940B47FEDEE60099CC6 /* libPods.a in Frameworks */ = {isa = PBXBuildFile; fileRef = EED145A3E8DB191B41E33AE7 /* libPods.a */; };
/* End PBXBuildFile section */

/* Begin PBXContainerItemProxy section */
		4B1ED83A1A7D9EB00049ADFA /* PBXContainerItemProxy */ = {
			isa = PBXContainerItemProxy;
			containerPortal = 4B1ED8151A7D9EAF0049ADFA /* Project object */;
			proxyType = 1;
			remoteGlobalIDString = 4B1ED81C1A7D9EAF0049ADFA;
			remoteInfo = ailos;
		};
/* End PBXContainerItemProxy section */

/* Begin PBXFileReference section */
		4B1ED81D1A7D9EAF0049ADFA /* ailos.app */ = {isa = PBXFileReference; explicitFileType = wrapper.application; includeInIndex = 0; path = ailos.app; sourceTree = BUILT_PRODUCTS_DIR; };
		4B1ED8211A7D9EAF0049ADFA /* Info.plist */ = {isa = PBXFileReference; lastKnownFileType = text.plist.xml; path = Info.plist; sourceTree = "<group>"; };
		4B1ED8221A7D9EAF0049ADFA /* main.m */ = {isa = PBXFileReference; lastKnownFileType = sourcecode.c.objc; path = main.m; sourceTree = "<group>"; };
		4B1ED8241A7D9EAF0049ADFA /* AppDelegate.h */ = {isa = PBXFileReference; lastKnownFileType = sourcecode.c.h; path = AppDelegate.h; sourceTree = "<group>"; };
		4B1ED8251A7D9EAF0049ADFA /* AppDelegate.m */ = {isa = PBXFileReference; lastKnownFileType = sourcecode.c.objc; path = AppDelegate.m; sourceTree = "<group>"; };
		4B1ED8281A7D9EAF0049ADFA /* ailos.xcdatamodel */ = {isa = PBXFileReference; lastKnownFileType = wrapper.xcdatamodel; path = ailos.xcdatamodel; sourceTree = "<group>"; };
		4B1ED82E1A7D9EAF0049ADFA /* Base */ = {isa = PBXFileReference; lastKnownFileType = file.storyboard; name = Base; path = Base.lproj/Main.storyboard; sourceTree = "<group>"; };
		4B1ED8301A7D9EAF0049ADFA /* Images.xcassets */ = {isa = PBXFileReference; lastKnownFileType = folder.assetcatalog; path = Images.xcassets; sourceTree = "<group>"; };
		4B1ED8331A7D9EAF0049ADFA /* Base */ = {isa = PBXFileReference; lastKnownFileType = file.xib; name = Base; path = Base.lproj/LaunchScreen.xib; sourceTree = "<group>"; };
		4B1ED8391A7D9EB00049ADFA /* ailosTests.xctest */ = {isa = PBXFileReference; explicitFileType = wrapper.cfbundle; includeInIndex = 0; path = ailosTests.xctest; sourceTree = BUILT_PRODUCTS_DIR; };
		4B1ED83E1A7D9EB00049ADFA /* Info.plist */ = {isa = PBXFileReference; lastKnownFileType = text.plist.xml; path = Info.plist; sourceTree = "<group>"; };
		4B1ED83F1A7D9EB00049ADFA /* ailosTests.m */ = {isa = PBXFileReference; lastKnownFileType = sourcecode.c.objc; path = ailosTests.m; sourceTree = "<group>"; };
		4B1ED8551A7DAAFB0049ADFA /* AIHomeViewController.h */ = {isa = PBXFileReference; fileEncoding = 4; lastKnownFileType = sourcecode.c.h; path = AIHomeViewController.h; sourceTree = "<group>"; };
		4B1ED8561A7DAAFB0049ADFA /* AIHomeViewController.m */ = {isa = PBXFileReference; fileEncoding = 4; lastKnownFileType = sourcecode.c.objc; path = AIHomeViewController.m; sourceTree = "<group>"; };
		4B1ED8591A7DB8D50049ADFA /* AIHomeView.h */ = {isa = PBXFileReference; fileEncoding = 4; lastKnownFileType = sourcecode.c.h; path = AIHomeView.h; sourceTree = "<group>"; };
		4B1ED85A1A7DB8D50049ADFA /* AIHomeView.m */ = {isa = PBXFileReference; fileEncoding = 4; lastKnownFileType = sourcecode.c.objc; path = AIHomeView.m; sourceTree = "<group>"; };
		4B1ED85C1A7DBB2F0049ADFA /* AIBaseViewController.h */ = {isa = PBXFileReference; fileEncoding = 4; lastKnownFileType = sourcecode.c.h; path = AIBaseViewController.h; sourceTree = "<group>"; };
		4B1ED85D1A7DBB2F0049ADFA /* AIBaseViewController.m */ = {isa = PBXFileReference; fileEncoding = 4; lastKnownFileType = sourcecode.c.objc; path = AIBaseViewController.m; sourceTree = "<group>"; };
		4B1ED85F1A7DBCC70049ADFA /* AIConstants.h */ = {isa = PBXFileReference; fileEncoding = 4; lastKnownFileType = sourcecode.c.h; path = AIConstants.h; sourceTree = "<group>"; };
		4B1ED8601A7DBCC70049ADFA /* AIConstants.m */ = {isa = PBXFileReference; fileEncoding = 4; lastKnownFileType = sourcecode.c.objc; path = AIConstants.m; sourceTree = "<group>"; };
		4B1ED8641A7DC12E0049ADFA /* AIBaseView.h */ = {isa = PBXFileReference; fileEncoding = 4; lastKnownFileType = sourcecode.c.h; path = AIBaseView.h; sourceTree = "<group>"; };
		4B1ED8651A7DC12E0049ADFA /* AIBaseView.m */ = {isa = PBXFileReference; fileEncoding = 4; lastKnownFileType = sourcecode.c.objc; path = AIBaseView.m; sourceTree = "<group>"; };
		4B1ED8671A7EB7120049ADFA /* UIColor+ailos.h */ = {isa = PBXFileReference; fileEncoding = 4; lastKnownFileType = sourcecode.c.h; path = "UIColor+ailos.h"; sourceTree = "<group>"; };
		4B1ED8681A7EB7120049ADFA /* UIColor+ailos.m */ = {isa = PBXFileReference; fileEncoding = 4; lastKnownFileType = sourcecode.c.objc; path = "UIColor+ailos.m"; sourceTree = "<group>"; };
		4B1ED86A1A7EC4C00049ADFA /* AIUIFactory.h */ = {isa = PBXFileReference; fileEncoding = 4; lastKnownFileType = sourcecode.c.h; path = AIUIFactory.h; sourceTree = "<group>"; };
		4B1ED86B1A7EC4C00049ADFA /* AIUIFactory.m */ = {isa = PBXFileReference; fileEncoding = 4; lastKnownFileType = sourcecode.c.objc; path = AIUIFactory.m; sourceTree = "<group>"; };
		4B1ED86D1A7ECA5B0049ADFA /* AIBarcode.h */ = {isa = PBXFileReference; fileEncoding = 4; lastKnownFileType = sourcecode.c.h; path = AIBarcode.h; sourceTree = "<group>"; };
		4B1ED86E1A7ECA5B0049ADFA /* AIBarcode.m */ = {isa = PBXFileReference; fileEncoding = 4; lastKnownFileType = sourcecode.c.objc; path = AIBarcode.m; sourceTree = "<group>"; };
		4B1ED8701A7ECBD20049ADFA /* AIScannerViewController.h */ = {isa = PBXFileReference; fileEncoding = 4; lastKnownFileType = sourcecode.c.h; path = AIScannerViewController.h; sourceTree = "<group>"; };
		4B1ED8711A7ECBD20049ADFA /* AIScannerViewController.m */ = {isa = PBXFileReference; fileEncoding = 4; lastKnownFileType = sourcecode.c.objc; path = AIScannerViewController.m; sourceTree = "<group>"; };
		4B1ED8741A7ED4340049ADFA /* AVFoundation.framework */ = {isa = PBXFileReference; lastKnownFileType = wrapper.framework; name = AVFoundation.framework; path = System/Library/Frameworks/AVFoundation.framework; sourceTree = SDKROOT; };
		4B74EAF81A993727009AA7FF /* AIService.h */ = {isa = PBXFileReference; fileEncoding = 4; lastKnownFileType = sourcecode.c.h; path = AIService.h; sourceTree = "<group>"; };
		4B74EAF91A993727009AA7FF /* AIService.m */ = {isa = PBXFileReference; fileEncoding = 4; lastKnownFileType = sourcecode.c.objc; path = AIService.m; sourceTree = "<group>"; };
		4B823FC81A997591000ED3E0 /* AIProfile.h */ = {isa = PBXFileReference; fileEncoding = 4; lastKnownFileType = sourcecode.c.h; path = AIProfile.h; sourceTree = "<group>"; };
		4B823FC91A997591000ED3E0 /* AIProfile.m */ = {isa = PBXFileReference; fileEncoding = 4; lastKnownFileType = sourcecode.c.objc; path = AIProfile.m; sourceTree = "<group>"; };
		4B823FCB1A99782B000ED3E0 /* AINutrient.h */ = {isa = PBXFileReference; fileEncoding = 4; lastKnownFileType = sourcecode.c.h; path = AINutrient.h; sourceTree = "<group>"; };
		4B823FCC1A99782B000ED3E0 /* AINutrient.m */ = {isa = PBXFileReference; fileEncoding = 4; lastKnownFileType = sourcecode.c.objc; path = AINutrient.m; sourceTree = "<group>"; };
		4B823FCE1A99790F000ED3E0 /* AIAllergen.h */ = {isa = PBXFileReference; fileEncoding = 4; lastKnownFileType = sourcecode.c.h; path = AIAllergen.h; sourceTree = "<group>"; };
		4B823FCF1A99790F000ED3E0 /* AIAllergen.m */ = {isa = PBXFileReference; fileEncoding = 4; lastKnownFileType = sourcecode.c.objc; path = AIAllergen.m; sourceTree = "<group>"; };
		4B823FD11A997CDB000ED3E0 /* AIProduct.h */ = {isa = PBXFileReference; fileEncoding = 4; lastKnownFileType = sourcecode.c.h; path = AIProduct.h; sourceTree = "<group>"; };
		4B823FD21A997CDB000ED3E0 /* AIProduct.m */ = {isa = PBXFileReference; fileEncoding = 4; lastKnownFileType = sourcecode.c.objc; path = AIProduct.m; sourceTree = "<group>"; };
		4B823FD41A9981B7000ED3E0 /* AIProductSearchResult.h */ = {isa = PBXFileReference; fileEncoding = 4; lastKnownFileType = sourcecode.c.h; path = AIProductSearchResult.h; sourceTree = "<group>"; };
		4B823FD51A9981B7000ED3E0 /* AIProductSearchResult.m */ = {isa = PBXFileReference; fileEncoding = 4; lastKnownFileType = sourcecode.c.objc; path = AIProductSearchResult.m; sourceTree = "<group>"; };
		4B823FD71A998780000ED3E0 /* AIAdditive.h */ = {isa = PBXFileReference; fileEncoding = 4; lastKnownFileType = sourcecode.c.h; path = AIAdditive.h; sourceTree = "<group>"; };
		4B823FD81A998780000ED3E0 /* AIAdditive.m */ = {isa = PBXFileReference; fileEncoding = 4; lastKnownFileType = sourcecode.c.objc; path = AIAdditive.m; sourceTree = "<group>"; };
		4B823FDA1A9988C8000ED3E0 /* AIProcingredient.h */ = {isa = PBXFileReference; fileEncoding = 4; lastKnownFileType = sourcecode.c.h; path = AIProcingredient.h; sourceTree = "<group>"; };
		4B823FDB1A9988C8000ED3E0 /* AIProcingredient.m */ = {isa = PBXFileReference; fileEncoding = 4; lastKnownFileType = sourcecode.c.objc; path = AIProcingredient.m; sourceTree = "<group>"; };
		4B823FDD1A998CF9000ED3E0 /* AIAllergenAdditve.h */ = {isa = PBXFileReference; fileEncoding = 4; lastKnownFileType = sourcecode.c.h; path = AIAllergenAdditve.h; sourceTree = "<group>"; };
		4B823FDE1A998CF9000ED3E0 /* AIAllergenAdditve.m */ = {isa = PBXFileReference; fileEncoding = 4; lastKnownFileType = sourcecode.c.objc; path = AIAllergenAdditve.m; sourceTree = "<group>"; };
		4B823FE01A9A3CB8000ED3E0 /* AIMyIngredient.h */ = {isa = PBXFileReference; fileEncoding = 4; lastKnownFileType = sourcecode.c.h; path = AIMyIngredient.h; sourceTree = "<group>"; };
		4B823FE11A9A3CB8000ED3E0 /* AIMyIngredient.m */ = {isa = PBXFileReference; fileEncoding = 4; lastKnownFileType = sourcecode.c.objc; path = AIMyIngredient.m; sourceTree = "<group>"; };
		4B823FE31A9A409A000ED3E0 /* AIMySort.h */ = {isa = PBXFileReference; fileEncoding = 4; lastKnownFileType = sourcecode.c.h; path = AIMySort.h; sourceTree = "<group>"; };
		4B823FE41A9A409A000ED3E0 /* AIMySort.m */ = {isa = PBXFileReference; fileEncoding = 4; lastKnownFileType = sourcecode.c.objc; path = AIMySort.m; sourceTree = "<group>"; };
		4BABA8711A9A73B90032EAA3 /* AIEditProfileViewController.h */ = {isa = PBXFileReference; fileEncoding = 4; lastKnownFileType = sourcecode.c.h; path = AIEditProfileViewController.h; sourceTree = "<group>"; };
		4BABA8721A9A73B90032EAA3 /* AIEditProfileViewController.m */ = {isa = PBXFileReference; fileEncoding = 4; lastKnownFileType = sourcecode.c.objc; path = AIEditProfileViewController.m; sourceTree = "<group>"; };
		4BABA8751A9A763E0032EAA3 /* AIEditProfileView.h */ = {isa = PBXFileReference; fileEncoding = 4; lastKnownFileType = sourcecode.c.h; path = AIEditProfileView.h; sourceTree = "<group>"; };
		4BABA8761A9A763E0032EAA3 /* AIEditProfileView.m */ = {isa = PBXFileReference; fileEncoding = 4; lastKnownFileType = sourcecode.c.objc; path = AIEditProfileView.m; sourceTree = "<group>"; };
		4BABA87C1A9A8AAD0032EAA3 /* AITableSection.h */ = {isa = PBXFileReference; fileEncoding = 4; lastKnownFileType = sourcecode.c.h; path = AITableSection.h; sourceTree = "<group>"; };
		4BABA87D1A9A8AAD0032EAA3 /* AITableSection.m */ = {isa = PBXFileReference; fileEncoding = 4; lastKnownFileType = sourcecode.c.objc; path = AITableSection.m; sourceTree = "<group>"; };
		4BABA8801A9A8BA90032EAA3 /* AITableCell.h */ = {isa = PBXFileReference; fileEncoding = 4; lastKnownFileType = sourcecode.c.h; path = AITableCell.h; sourceTree = "<group>"; };
		4BABA8811A9A8BA90032EAA3 /* AITableCell.m */ = {isa = PBXFileReference; fileEncoding = 4; lastKnownFileType = sourcecode.c.objc; path = AITableCell.m; sourceTree = "<group>"; };
		4BABA8831A9A8D680032EAA3 /* AITableRow.h */ = {isa = PBXFileReference; fileEncoding = 4; lastKnownFileType = sourcecode.c.h; path = AITableRow.h; sourceTree = "<group>"; };
		4BABA8841A9A8D680032EAA3 /* AITableRow.m */ = {isa = PBXFileReference; fileEncoding = 4; lastKnownFileType = sourcecode.c.objc; path = AITableRow.m; sourceTree = "<group>"; };
		4BABA8861A9A997E0032EAA3 /* AIEditProfileViewModel.h */ = {isa = PBXFileReference; fileEncoding = 4; lastKnownFileType = sourcecode.c.h; path = AIEditProfileViewModel.h; sourceTree = "<group>"; };
		4BABA8871A9A997E0032EAA3 /* AIEditProfileViewModel.m */ = {isa = PBXFileReference; fileEncoding = 4; lastKnownFileType = sourcecode.c.objc; path = AIEditProfileViewModel.m; sourceTree = "<group>"; };
		4BABA88A1A9AAD170032EAA3 /* AIProfileDelegate.h */ = {isa = PBXFileReference; fileEncoding = 4; lastKnownFileType = sourcecode.c.h; path = AIProfileDelegate.h; sourceTree = "<group>"; };
		4BABA88B1A9AB1970032EAA3 /* AIProfileNutrientList.h */ = {isa = PBXFileReference; fileEncoding = 4; lastKnownFileType = sourcecode.c.h; path = AIProfileNutrientList.h; sourceTree = "<group>"; };
		4BABA88C1A9AB1970032EAA3 /* AIProfileNutrientList.m */ = {isa = PBXFileReference; fileEncoding = 4; lastKnownFileType = sourcecode.c.objc; path = AIProfileNutrientList.m; sourceTree = "<group>"; };
		4BABA88E1A9AB3B60032EAA3 /* AINutrientsView.h */ = {isa = PBXFileReference; fileEncoding = 4; lastKnownFileType = sourcecode.c.h; path = AINutrientsView.h; sourceTree = "<group>"; };
		4BABA88F1A9AB3B60032EAA3 /* AINutrientsView.m */ = {isa = PBXFileReference; fileEncoding = 4; lastKnownFileType = sourcecode.c.objc; path = AINutrientsView.m; sourceTree = "<group>"; };
		4BABA8F31A9CD7C20032EAA3 /* AIProductDetailViewController.h */ = {isa = PBXFileReference; fileEncoding = 4; lastKnownFileType = sourcecode.c.h; path = AIProductDetailViewController.h; sourceTree = "<group>"; };
		4BABA8F41A9CD7C20032EAA3 /* AIProductDetailViewController.m */ = {isa = PBXFileReference; fileEncoding = 4; lastKnownFileType = sourcecode.c.objc; path = AIProductDetailViewController.m; sourceTree = "<group>"; };
		4BABA8F71A9CD7F20032EAA3 /* AIProductListView.h */ = {isa = PBXFileReference; fileEncoding = 4; lastKnownFileType = sourcecode.c.h; path = AIProductListView.h; sourceTree = "<group>"; };
		4BABA8F81A9CD7F20032EAA3 /* AIProductListView.m */ = {isa = PBXFileReference; fileEncoding = 4; lastKnownFileType = sourcecode.c.objc; path = AIProductListView.m; sourceTree = "<group>"; };
		4BABA8FA1A9CDAA90032EAA3 /* AIProductListViewController.h */ = {isa = PBXFileReference; fileEncoding = 4; lastKnownFileType = sourcecode.c.h; path = AIProductListViewController.h; sourceTree = "<group>"; };
		4BABA8FB1A9CDAA90032EAA3 /* AIProductListViewController.m */ = {isa = PBXFileReference; fileEncoding = 4; lastKnownFileType = sourcecode.c.objc; path = AIProductListViewController.m; sourceTree = "<group>"; };
		4BABA8FD1A9CFBA80032EAA3 /* AILabelSearchResult.h */ = {isa = PBXFileReference; fileEncoding = 4; lastKnownFileType = sourcecode.c.h; path = AILabelSearchResult.h; sourceTree = "<group>"; };
		4BABA8FE1A9CFBA80032EAA3 /* AILabelSearchResult.m */ = {isa = PBXFileReference; fileEncoding = 4; lastKnownFileType = sourcecode.c.objc; path = AILabelSearchResult.m; sourceTree = "<group>"; };
		4BABA9011A9D02930032EAA3 /* AILabelViewController.h */ = {isa = PBXFileReference; fileEncoding = 4; lastKnownFileType = sourcecode.c.h; path = AILabelViewController.h; sourceTree = "<group>"; };
		4BABA9021A9D02930032EAA3 /* AILabelViewController.m */ = {isa = PBXFileReference; fileEncoding = 4; lastKnownFileType = sourcecode.c.objc; path = AILabelViewController.m; sourceTree = "<group>"; };
		4BABA9051A9D24BA0032EAA3 /* AILabelListView.h */ = {isa = PBXFileReference; fileEncoding = 4; lastKnownFileType = sourcecode.c.h; path = AILabelListView.h; sourceTree = "<group>"; };
		4BABA9061A9D24BA0032EAA3 /* AILabelListView.m */ = {isa = PBXFileReference; fileEncoding = 4; lastKnownFileType = sourcecode.c.objc; path = AILabelListView.m; sourceTree = "<group>"; };
		4BABA9081A9D64400032EAA3 /* AILabelHeaderView.h */ = {isa = PBXFileReference; fileEncoding = 4; lastKnownFileType = sourcecode.c.h; path = AILabelHeaderView.h; sourceTree = "<group>"; };
		4BABA9091A9D64400032EAA3 /* AILabelHeaderView.m */ = {isa = PBXFileReference; fileEncoding = 4; lastKnownFileType = sourcecode.c.objc; path = AILabelHeaderView.m; sourceTree = "<group>"; };
		4BABA90B1A9D77150032EAA3 /* AILabelViewModel.h */ = {isa = PBXFileReference; fileEncoding = 4; lastKnownFileType = sourcecode.c.h; path = AILabelViewModel.h; sourceTree = "<group>"; };
		4BABA90C1A9D77150032EAA3 /* AILabelViewModel.m */ = {isa = PBXFileReference; fileEncoding = 4; lastKnownFileType = sourcecode.c.objc; path = AILabelViewModel.m; sourceTree = "<group>"; };
		4BABA9461AA182D90032EAA3 /* AILabelCellView.h */ = {isa = PBXFileReference; fileEncoding = 4; lastKnownFileType = sourcecode.c.h; path = AILabelCellView.h; sourceTree = "<group>"; };
		4BABA9471AA182D90032EAA3 /* AILabelCellView.m */ = {isa = PBXFileReference; fileEncoding = 4; lastKnownFileType = sourcecode.c.objc; path = AILabelCellView.m; sourceTree = "<group>"; };
		4BAF463B1A993DFD00971EAC /* AISession.h */ = {isa = PBXFileReference; fileEncoding = 4; lastKnownFileType = sourcecode.c.h; path = AISession.h; sourceTree = "<group>"; };
		4BAF463C1A993DFD00971EAC /* AISession.m */ = {isa = PBXFileReference; fileEncoding = 4; lastKnownFileType = sourcecode.c.objc; path = AISession.m; sourceTree = "<group>"; };
		4BAF463E1A995C7D00971EAC /* AIUser.h */ = {isa = PBXFileReference; fileEncoding = 4; lastKnownFileType = sourcecode.c.h; path = AIUser.h; sourceTree = "<group>"; };
		4BAF463F1A995C7D00971EAC /* AIUser.m */ = {isa = PBXFileReference; fileEncoding = 4; lastKnownFileType = sourcecode.c.objc; path = AIUser.m; sourceTree = "<group>"; };
		D9530F02E38F64268A57CEFE /* Pods.release.xcconfig */ = {isa = PBXFileReference; includeInIndex = 1; lastKnownFileType = text.xcconfig; name = Pods.release.xcconfig; path = "Pods/Target Support Files/Pods/Pods.release.xcconfig"; sourceTree = "<group>"; };
		EED145A3E8DB191B41E33AE7 /* libPods.a */ = {isa = PBXFileReference; explicitFileType = archive.ar; includeInIndex = 0; path = libPods.a; sourceTree = BUILT_PRODUCTS_DIR; };
		FA9674B659472AF8F11836C4 /* Pods.debug.xcconfig */ = {isa = PBXFileReference; includeInIndex = 1; lastKnownFileType = text.xcconfig; name = Pods.debug.xcconfig; path = "Pods/Target Support Files/Pods/Pods.debug.xcconfig"; sourceTree = "<group>"; };
/* End PBXFileReference section */

/* Begin PBXFrameworksBuildPhase section */
		4B1ED81A1A7D9EAF0049ADFA /* Frameworks */ = {
			isa = PBXFrameworksBuildPhase;
			buildActionMask = 2147483647;
			files = (
				4B1ED8751A7ED4340049ADFA /* AVFoundation.framework in Frameworks */,
				5DED7940B47FEDEE60099CC6 /* libPods.a in Frameworks */,
			);
			runOnlyForDeploymentPostprocessing = 0;
		};
		4B1ED8361A7D9EB00049ADFA /* Frameworks */ = {
			isa = PBXFrameworksBuildPhase;
			buildActionMask = 2147483647;
			files = (
			);
			runOnlyForDeploymentPostprocessing = 0;
		};
/* End PBXFrameworksBuildPhase section */

/* Begin PBXGroup section */
		334FC8D76F9805EAABB60035 /* Pods */ = {
			isa = PBXGroup;
			children = (
				FA9674B659472AF8F11836C4 /* Pods.debug.xcconfig */,
				D9530F02E38F64268A57CEFE /* Pods.release.xcconfig */,
			);
			name = Pods;
			sourceTree = "<group>";
		};
		4AFFFA35C5E7740A8CAD4402 /* Frameworks */ = {
			isa = PBXGroup;
			children = (
				EED145A3E8DB191B41E33AE7 /* libPods.a */,
			);
			name = Frameworks;
			sourceTree = "<group>";
		};
		4B1ED8141A7D9EAF0049ADFA = {
			isa = PBXGroup;
			children = (
				4B1ED8741A7ED4340049ADFA /* AVFoundation.framework */,
				4B1ED81F1A7D9EAF0049ADFA /* ailos */,
				4B1ED83C1A7D9EB00049ADFA /* ailosTests */,
				4B1ED81E1A7D9EAF0049ADFA /* Products */,
				334FC8D76F9805EAABB60035 /* Pods */,
				4AFFFA35C5E7740A8CAD4402 /* Frameworks */,
			);
			sourceTree = "<group>";
		};
		4B1ED81E1A7D9EAF0049ADFA /* Products */ = {
			isa = PBXGroup;
			children = (
				4B1ED81D1A7D9EAF0049ADFA /* ailos.app */,
				4B1ED8391A7D9EB00049ADFA /* ailosTests.xctest */,
			);
			name = Products;
			sourceTree = "<group>";
		};
		4B1ED81F1A7D9EAF0049ADFA /* ailos */ = {
			isa = PBXGroup;
			children = (
				4BABA8891A9AACC20032EAA3 /* Delegates */,
				4B1ED84D1A7DA96D0049ADFA /* Resources */,
				4B1ED84C1A7DA92B0049ADFA /* Classes */,
				4B1ED82D1A7D9EAF0049ADFA /* Main.storyboard */,
				4B1ED8301A7D9EAF0049ADFA /* Images.xcassets */,
				4B1ED8321A7D9EAF0049ADFA /* LaunchScreen.xib */,
				4B1ED8271A7D9EAF0049ADFA /* ailos.xcdatamodeld */,
				4B1ED8201A7D9EAF0049ADFA /* Supporting Files */,
			);
			path = ailos;
			sourceTree = "<group>";
		};
		4B1ED8201A7D9EAF0049ADFA /* Supporting Files */ = {
			isa = PBXGroup;
			children = (
				4B1ED8211A7D9EAF0049ADFA /* Info.plist */,
				4B1ED8221A7D9EAF0049ADFA /* main.m */,
			);
			name = "Supporting Files";
			sourceTree = "<group>";
		};
		4B1ED83C1A7D9EB00049ADFA /* ailosTests */ = {
			isa = PBXGroup;
			children = (
				4B1ED83F1A7D9EB00049ADFA /* ailosTests.m */,
				4B1ED83D1A7D9EB00049ADFA /* Supporting Files */,
			);
			path = ailosTests;
			sourceTree = "<group>";
		};
		4B1ED83D1A7D9EB00049ADFA /* Supporting Files */ = {
			isa = PBXGroup;
			children = (
				4B1ED83E1A7D9EB00049ADFA /* Info.plist */,
			);
			name = "Supporting Files";
			sourceTree = "<group>";
		};
		4B1ED8491A7DA8FA0049ADFA /* Data */ = {
			isa = PBXGroup;
			children = (
			);
			name = Data;
			sourceTree = "<group>";
		};
		4B1ED84A1A7DA9060049ADFA /* Controllers */ = {
			isa = PBXGroup;
			children = (
				4BABA9001A9D026E0032EAA3 /* Label */,
				4BABA8F21A9CD79C0032EAA3 /* Product */,
				4BABA8701A9A73820032EAA3 /* Profile */,
				4B1ED8731A7ECBDA0049ADFA /* Scanner */,
				4B1ED8541A7DAAB20049ADFA /* Home */,
				4B1ED85C1A7DBB2F0049ADFA /* AIBaseViewController.h */,
				4B1ED85D1A7DBB2F0049ADFA /* AIBaseViewController.m */,
			);
			name = Controllers;
			sourceTree = "<group>";
		};
		4B1ED84B1A7DA9170049ADFA /* Models */ = {
			isa = PBXGroup;
			children = (
				4B1ED85F1A7DBCC70049ADFA /* AIConstants.h */,
				4B1ED8601A7DBCC70049ADFA /* AIConstants.m */,
				4B1ED86D1A7ECA5B0049ADFA /* AIBarcode.h */,
				4B1ED86E1A7ECA5B0049ADFA /* AIBarcode.m */,
				4BAF463B1A993DFD00971EAC /* AISession.h */,
				4BAF463C1A993DFD00971EAC /* AISession.m */,
				4BAF463E1A995C7D00971EAC /* AIUser.h */,
				4BAF463F1A995C7D00971EAC /* AIUser.m */,
				4B823FC81A997591000ED3E0 /* AIProfile.h */,
				4B823FC91A997591000ED3E0 /* AIProfile.m */,
				4B823FCB1A99782B000ED3E0 /* AINutrient.h */,
				4B823FCC1A99782B000ED3E0 /* AINutrient.m */,
				4B823FCE1A99790F000ED3E0 /* AIAllergen.h */,
				4B823FCF1A99790F000ED3E0 /* AIAllergen.m */,
				4B823FD11A997CDB000ED3E0 /* AIProduct.h */,
				4B823FD21A997CDB000ED3E0 /* AIProduct.m */,
				4B823FD41A9981B7000ED3E0 /* AIProductSearchResult.h */,
				4B823FD51A9981B7000ED3E0 /* AIProductSearchResult.m */,
				4B823FD71A998780000ED3E0 /* AIAdditive.h */,
				4B823FD81A998780000ED3E0 /* AIAdditive.m */,
				4B823FDA1A9988C8000ED3E0 /* AIProcingredient.h */,
				4B823FDB1A9988C8000ED3E0 /* AIProcingredient.m */,
				4B823FDD1A998CF9000ED3E0 /* AIAllergenAdditve.h */,
				4B823FDE1A998CF9000ED3E0 /* AIAllergenAdditve.m */,
				4B823FE01A9A3CB8000ED3E0 /* AIMyIngredient.h */,
				4B823FE11A9A3CB8000ED3E0 /* AIMyIngredient.m */,
				4B823FE31A9A409A000ED3E0 /* AIMySort.h */,
				4B823FE41A9A409A000ED3E0 /* AIMySort.m */,
				4BABA8FD1A9CFBA80032EAA3 /* AILabelSearchResult.h */,
				4BABA8FE1A9CFBA80032EAA3 /* AILabelSearchResult.m */,
			);
			name = Models;
			sourceTree = "<group>";
		};
		4B1ED84C1A7DA92B0049ADFA /* Classes */ = {
			isa = PBXGroup;
			children = (
				4B1ED84A1A7DA9060049ADFA /* Controllers */,
				4B1ED84F1A7DA9AC0049ADFA /* Application */,
				4B1ED8491A7DA8FA0049ADFA /* Data */,
				4B1ED8501A7DA9D00049ADFA /* Delegate */,
				4B1ED8531A7DA9F30049ADFA /* ViewModels */,
				4B1ED8521A7DA9EC0049ADFA /* Utils */,
				4B1ED8511A7DA9DD0049ADFA /* Services */,
				4B1ED84E1A7DA9990049ADFA /* Views */,
				4B1ED84B1A7DA9170049ADFA /* Models */,
			);
			name = Classes;
			sourceTree = "<group>";
		};
		4B1ED84D1A7DA96D0049ADFA /* Resources */ = {
			isa = PBXGroup;
			children = (
			);
			name = Resources;
			sourceTree = "<group>";
		};
		4B1ED84E1A7DA9990049ADFA /* Views */ = {
			isa = PBXGroup;
			children = (
				4BABA9041A9D249A0032EAA3 /* Label */,
				4BABA8F61A9CD7CB0032EAA3 /* Product */,
				4BABA8741A9A75CD0032EAA3 /* Profile */,
				4B1ED8581A7DB8B10049ADFA /* Home */,
				4B1ED8641A7DC12E0049ADFA /* AIBaseView.h */,
				4B1ED8651A7DC12E0049ADFA /* AIBaseView.m */,
				4BABA87F1A9A8AB40032EAA3 /* Tables */,
			);
			name = Views;
			sourceTree = "<group>";
		};
		4B1ED84F1A7DA9AC0049ADFA /* Application */ = {
			isa = PBXGroup;
			children = (
				4B1ED8241A7D9EAF0049ADFA /* AppDelegate.h */,
				4B1ED8251A7D9EAF0049ADFA /* AppDelegate.m */,
			);
			name = Application;
			sourceTree = "<group>";
		};
		4B1ED8501A7DA9D00049ADFA /* Delegate */ = {
			isa = PBXGroup;
			children = (
			);
			name = Delegate;
			sourceTree = "<group>";
		};
		4B1ED8511A7DA9DD0049ADFA /* Services */ = {
			isa = PBXGroup;
			children = (
				4B74EAF81A993727009AA7FF /* AIService.h */,
				4B74EAF91A993727009AA7FF /* AIService.m */,
			);
			name = Services;
			sourceTree = "<group>";
		};
		4B1ED8521A7DA9EC0049ADFA /* Utils */ = {
			isa = PBXGroup;
			children = (
				4B1ED8671A7EB7120049ADFA /* UIColor+ailos.h */,
				4B1ED8681A7EB7120049ADFA /* UIColor+ailos.m */,
				4B1ED86A1A7EC4C00049ADFA /* AIUIFactory.h */,
				4B1ED86B1A7EC4C00049ADFA /* AIUIFactory.m */,
			);
			name = Utils;
			sourceTree = "<group>";
		};
		4B1ED8531A7DA9F30049ADFA /* ViewModels */ = {
			isa = PBXGroup;
			children = (
				4BABA8861A9A997E0032EAA3 /* AIEditProfileViewModel.h */,
				4BABA8871A9A997E0032EAA3 /* AIEditProfileViewModel.m */,
				4BABA90B1A9D77150032EAA3 /* AILabelViewModel.h */,
				4BABA90C1A9D77150032EAA3 /* AILabelViewModel.m */,
			);
			name = ViewModels;
			sourceTree = "<group>";
		};
		4B1ED8541A7DAAB20049ADFA /* Home */ = {
			isa = PBXGroup;
			children = (
				4B1ED8551A7DAAFB0049ADFA /* AIHomeViewController.h */,
				4B1ED8561A7DAAFB0049ADFA /* AIHomeViewController.m */,
			);
			name = Home;
			sourceTree = "<group>";
		};
		4B1ED8581A7DB8B10049ADFA /* Home */ = {
			isa = PBXGroup;
			children = (
				4B1ED8591A7DB8D50049ADFA /* AIHomeView.h */,
				4B1ED85A1A7DB8D50049ADFA /* AIHomeView.m */,
			);
			name = Home;
			sourceTree = "<group>";
		};
		4B1ED8731A7ECBDA0049ADFA /* Scanner */ = {
			isa = PBXGroup;
			children = (
				4B1ED8701A7ECBD20049ADFA /* AIScannerViewController.h */,
				4B1ED8711A7ECBD20049ADFA /* AIScannerViewController.m */,
			);
			name = Scanner;
			sourceTree = "<group>";
		};
		4BABA8701A9A73820032EAA3 /* Profile */ = {
			isa = PBXGroup;
			children = (
				4BABA8711A9A73B90032EAA3 /* AIEditProfileViewController.h */,
				4BABA8721A9A73B90032EAA3 /* AIEditProfileViewController.m */,
				4BABA88B1A9AB1970032EAA3 /* AIProfileNutrientList.h */,
				4BABA88C1A9AB1970032EAA3 /* AIProfileNutrientList.m */,
			);
			name = Profile;
			sourceTree = "<group>";
		};
		4BABA8741A9A75CD0032EAA3 /* Profile */ = {
			isa = PBXGroup;
			children = (
				4BABA8751A9A763E0032EAA3 /* AIEditProfileView.h */,
				4BABA8761A9A763E0032EAA3 /* AIEditProfileView.m */,
				4BABA88E1A9AB3B60032EAA3 /* AINutrientsView.h */,
				4BABA88F1A9AB3B60032EAA3 /* AINutrientsView.m */,
			);
			name = Profile;
			sourceTree = "<group>";
		};
		4BABA87F1A9A8AB40032EAA3 /* Tables */ = {
			isa = PBXGroup;
			children = (
				4BABA87C1A9A8AAD0032EAA3 /* AITableSection.h */,
				4BABA87D1A9A8AAD0032EAA3 /* AITableSection.m */,
				4BABA8801A9A8BA90032EAA3 /* AITableCell.h */,
				4BABA8811A9A8BA90032EAA3 /* AITableCell.m */,
				4BABA8831A9A8D680032EAA3 /* AITableRow.h */,
				4BABA8841A9A8D680032EAA3 /* AITableRow.m */,
			);
			name = Tables;
			sourceTree = "<group>";
		};
		4BABA8891A9AACC20032EAA3 /* Delegates */ = {
			isa = PBXGroup;
			children = (
				4BABA88A1A9AAD170032EAA3 /* AIProfileDelegate.h */,
			);
			name = Delegates;
			sourceTree = "<group>";
		};
		4BABA8F21A9CD79C0032EAA3 /* Product */ = {
			isa = PBXGroup;
			children = (
				4BABA8F31A9CD7C20032EAA3 /* AIProductDetailViewController.h */,
				4BABA8F41A9CD7C20032EAA3 /* AIProductDetailViewController.m */,
				4BABA8FA1A9CDAA90032EAA3 /* AIProductListViewController.h */,
				4BABA8FB1A9CDAA90032EAA3 /* AIProductListViewController.m */,
			);
			name = Product;
			sourceTree = "<group>";
		};
		4BABA8F61A9CD7CB0032EAA3 /* Product */ = {
			isa = PBXGroup;
			children = (
				4BABA8F71A9CD7F20032EAA3 /* AIProductListView.h */,
				4BABA8F81A9CD7F20032EAA3 /* AIProductListView.m */,
			);
			name = Product;
			sourceTree = "<group>";
		};
		4BABA9001A9D026E0032EAA3 /* Label */ = {
			isa = PBXGroup;
			children = (
				4BABA9011A9D02930032EAA3 /* AILabelViewController.h */,
				4BABA9021A9D02930032EAA3 /* AILabelViewController.m */,
			);
			name = Label;
			sourceTree = "<group>";
		};
		4BABA9041A9D249A0032EAA3 /* Label */ = {
			isa = PBXGroup;
			children = (
				4BABA9051A9D24BA0032EAA3 /* AILabelListView.h */,
				4BABA9061A9D24BA0032EAA3 /* AILabelListView.m */,
				4BABA9081A9D64400032EAA3 /* AILabelHeaderView.h */,
				4BABA9091A9D64400032EAA3 /* AILabelHeaderView.m */,
				4BABA9461AA182D90032EAA3 /* AILabelCellView.h */,
				4BABA9471AA182D90032EAA3 /* AILabelCellView.m */,
			);
			name = Label;
			sourceTree = "<group>";
		};
/* End PBXGroup section */

/* Begin PBXNativeTarget section */
		4B1ED81C1A7D9EAF0049ADFA /* ailos */ = {
			isa = PBXNativeTarget;
			buildConfigurationList = 4B1ED8431A7D9EB00049ADFA /* Build configuration list for PBXNativeTarget "ailos" */;
			buildPhases = (
				293B0FA21D30664422033EC8 /* Check Pods Manifest.lock */,
				4B1ED8191A7D9EAF0049ADFA /* Sources */,
				4B1ED81A1A7D9EAF0049ADFA /* Frameworks */,
				4B1ED81B1A7D9EAF0049ADFA /* Resources */,
				F6CD211AD88A0E7F53A257C0 /* Copy Pods Resources */,
			);
			buildRules = (
			);
			dependencies = (
			);
			name = ailos;
			productName = ailos;
			productReference = 4B1ED81D1A7D9EAF0049ADFA /* ailos.app */;
			productType = "com.apple.product-type.application";
		};
		4B1ED8381A7D9EB00049ADFA /* ailosTests */ = {
			isa = PBXNativeTarget;
			buildConfigurationList = 4B1ED8461A7D9EB00049ADFA /* Build configuration list for PBXNativeTarget "ailosTests" */;
			buildPhases = (
				4B1ED8351A7D9EB00049ADFA /* Sources */,
				4B1ED8361A7D9EB00049ADFA /* Frameworks */,
				4B1ED8371A7D9EB00049ADFA /* Resources */,
			);
			buildRules = (
			);
			dependencies = (
				4B1ED83B1A7D9EB00049ADFA /* PBXTargetDependency */,
			);
			name = ailosTests;
			productName = ailosTests;
			productReference = 4B1ED8391A7D9EB00049ADFA /* ailosTests.xctest */;
			productType = "com.apple.product-type.bundle.unit-test";
		};
/* End PBXNativeTarget section */

/* Begin PBXProject section */
		4B1ED8151A7D9EAF0049ADFA /* Project object */ = {
			isa = PBXProject;
			attributes = {
				LastUpgradeCheck = 0610;
				ORGANIZATIONNAME = com.zingelhook;
				TargetAttributes = {
					4B1ED81C1A7D9EAF0049ADFA = {
						CreatedOnToolsVersion = 6.1.1;
					};
					4B1ED8381A7D9EB00049ADFA = {
						CreatedOnToolsVersion = 6.1.1;
						TestTargetID = 4B1ED81C1A7D9EAF0049ADFA;
					};
				};
			};
			buildConfigurationList = 4B1ED8181A7D9EAF0049ADFA /* Build configuration list for PBXProject "ailos" */;
			compatibilityVersion = "Xcode 3.2";
			developmentRegion = English;
			hasScannedForEncodings = 0;
			knownRegions = (
				en,
				Base,
			);
			mainGroup = 4B1ED8141A7D9EAF0049ADFA;
			productRefGroup = 4B1ED81E1A7D9EAF0049ADFA /* Products */;
			projectDirPath = "";
			projectRoot = "";
			targets = (
				4B1ED81C1A7D9EAF0049ADFA /* ailos */,
				4B1ED8381A7D9EB00049ADFA /* ailosTests */,
			);
		};
/* End PBXProject section */

/* Begin PBXResourcesBuildPhase section */
		4B1ED81B1A7D9EAF0049ADFA /* Resources */ = {
			isa = PBXResourcesBuildPhase;
			buildActionMask = 2147483647;
			files = (
				4B1ED82F1A7D9EAF0049ADFA /* Main.storyboard in Resources */,
				4B1ED8341A7D9EAF0049ADFA /* LaunchScreen.xib in Resources */,
				4B1ED8311A7D9EAF0049ADFA /* Images.xcassets in Resources */,
			);
			runOnlyForDeploymentPostprocessing = 0;
		};
		4B1ED8371A7D9EB00049ADFA /* Resources */ = {
			isa = PBXResourcesBuildPhase;
			buildActionMask = 2147483647;
			files = (
			);
			runOnlyForDeploymentPostprocessing = 0;
		};
/* End PBXResourcesBuildPhase section */

/* Begin PBXShellScriptBuildPhase section */
		293B0FA21D30664422033EC8 /* Check Pods Manifest.lock */ = {
			isa = PBXShellScriptBuildPhase;
			buildActionMask = 2147483647;
			files = (
			);
			inputPaths = (
			);
			name = "Check Pods Manifest.lock";
			outputPaths = (
			);
			runOnlyForDeploymentPostprocessing = 0;
			shellPath = /bin/sh;
			shellScript = "diff \"${PODS_ROOT}/../Podfile.lock\" \"${PODS_ROOT}/Manifest.lock\" > /dev/null\nif [[ $? != 0 ]] ; then\n    cat << EOM\nerror: The sandbox is not in sync with the Podfile.lock. Run 'pod install' or update your CocoaPods installation.\nEOM\n    exit 1\nfi\n";
			showEnvVarsInLog = 0;
		};
		F6CD211AD88A0E7F53A257C0 /* Copy Pods Resources */ = {
			isa = PBXShellScriptBuildPhase;
			buildActionMask = 2147483647;
			files = (
			);
			inputPaths = (
			);
			name = "Copy Pods Resources";
			outputPaths = (
			);
			runOnlyForDeploymentPostprocessing = 0;
			shellPath = /bin/sh;
			shellScript = "\"${SRCROOT}/Pods/Target Support Files/Pods/Pods-resources.sh\"\n";
			showEnvVarsInLog = 0;
		};
/* End PBXShellScriptBuildPhase section */

/* Begin PBXSourcesBuildPhase section */
		4B1ED8191A7D9EAF0049ADFA /* Sources */ = {
			isa = PBXSourcesBuildPhase;
			buildActionMask = 2147483647;
			files = (
				4B74EAFA1A993727009AA7FF /* AIService.m in Sources */,
				4BABA9071A9D24BA0032EAA3 /* AILabelListView.m in Sources */,
				4B823FCA1A997591000ED3E0 /* AIProfile.m in Sources */,
				4BABA88D1A9AB1970032EAA3 /* AIProfileNutrientList.m in Sources */,
				4B1ED8661A7DC12E0049ADFA /* AIBaseView.m in Sources */,
				4B1ED8571A7DAAFB0049ADFA /* AIHomeViewController.m in Sources */,
				4B1ED8261A7D9EAF0049ADFA /* AppDelegate.m in Sources */,
				4BAF46401A995C7D00971EAC /* AIUser.m in Sources */,
				4B1ED8231A7D9EAF0049ADFA /* main.m in Sources */,
				4B823FE51A9A409A000ED3E0 /* AIMySort.m in Sources */,
				4BABA8901A9AB3B60032EAA3 /* AINutrientsView.m in Sources */,
				4B1ED86F1A7ECA5B0049ADFA /* AIBarcode.m in Sources */,
				4BABA8771A9A763E0032EAA3 /* AIEditProfileView.m in Sources */,
				4BABA8881A9A997E0032EAA3 /* AIEditProfileViewModel.m in Sources */,
				4BABA87E1A9A8AAD0032EAA3 /* AITableSection.m in Sources */,
				4B1ED85E1A7DBB2F0049ADFA /* AIBaseViewController.m in Sources */,
				4B823FCD1A99782B000ED3E0 /* AINutrient.m in Sources */,
				4BABA8851A9A8D680032EAA3 /* AITableRow.m in Sources */,
				4B1ED86C1A7EC4C00049ADFA /* AIUIFactory.m in Sources */,
				4BABA8FC1A9CDAA90032EAA3 /* AIProductListViewController.m in Sources */,
				4BABA9031A9D02930032EAA3 /* AILabelViewController.m in Sources */,
				4B823FD01A99790F000ED3E0 /* AIAllergen.m in Sources */,
				4B1ED8691A7EB7120049ADFA /* UIColor+ailos.m in Sources */,
				4B1ED8291A7D9EAF0049ADFA /* ailos.xcdatamodeld in Sources */,
				4B823FDC1A9988C8000ED3E0 /* AIProcingredient.m in Sources */,
				4BABA9481AA182D90032EAA3 /* AILabelCellView.m in Sources */,
				4B823FD91A998780000ED3E0 /* AIAdditive.m in Sources */,
				4BABA8FF1A9CFBA80032EAA3 /* AILabelSearchResult.m in Sources */,
				4B1ED85B1A7DB8D50049ADFA /* AIHomeView.m in Sources */,
				4B1ED8611A7DBCC70049ADFA /* AIConstants.m in Sources */,
				4B823FD31A997CDB000ED3E0 /* AIProduct.m in Sources */,
				4BAF463D1A993DFD00971EAC /* AISession.m in Sources */,
				4BABA90D1A9D77150032EAA3 /* AILabelViewModel.m in Sources */,
				4BABA8821A9A8BA90032EAA3 /* AITableCell.m in Sources */,
				4B823FE21A9A3CB8000ED3E0 /* AIMyIngredient.m in Sources */,
				4BABA8731A9A73B90032EAA3 /* AIEditProfileViewController.m in Sources */,
				4B823FDF1A998CF9000ED3E0 /* AIAllergenAdditve.m in Sources */,
				4B823FD61A9981B7000ED3E0 /* AIProductSearchResult.m in Sources */,
				4BABA90A1A9D64400032EAA3 /* AILabelHeaderView.m in Sources */,
				4B1ED8721A7ECBD20049ADFA /* AIScannerViewController.m in Sources */,
				4BABA8F51A9CD7C20032EAA3 /* AIProductDetailViewController.m in Sources */,
				4BABA8F91A9CD7F20032EAA3 /* AIProductListView.m in Sources */,
			);
			runOnlyForDeploymentPostprocessing = 0;
		};
		4B1ED8351A7D9EB00049ADFA /* Sources */ = {
			isa = PBXSourcesBuildPhase;
			buildActionMask = 2147483647;
			files = (
				4B1ED8401A7D9EB00049ADFA /* ailosTests.m in Sources */,
			);
			runOnlyForDeploymentPostprocessing = 0;
		};
/* End PBXSourcesBuildPhase section */

/* Begin PBXTargetDependency section */
		4B1ED83B1A7D9EB00049ADFA /* PBXTargetDependency */ = {
			isa = PBXTargetDependency;
			target = 4B1ED81C1A7D9EAF0049ADFA /* ailos */;
			targetProxy = 4B1ED83A1A7D9EB00049ADFA /* PBXContainerItemProxy */;
		};
/* End PBXTargetDependency section */

/* Begin PBXVariantGroup section */
		4B1ED82D1A7D9EAF0049ADFA /* Main.storyboard */ = {
			isa = PBXVariantGroup;
			children = (
				4B1ED82E1A7D9EAF0049ADFA /* Base */,
			);
			name = Main.storyboard;
			sourceTree = "<group>";
		};
		4B1ED8321A7D9EAF0049ADFA /* LaunchScreen.xib */ = {
			isa = PBXVariantGroup;
			children = (
				4B1ED8331A7D9EAF0049ADFA /* Base */,
			);
			name = LaunchScreen.xib;
			sourceTree = "<group>";
		};
/* End PBXVariantGroup section */

/* Begin XCBuildConfiguration section */
		4B1ED8411A7D9EB00049ADFA /* Debug */ = {
			isa = XCBuildConfiguration;
			buildSettings = {
				ALWAYS_SEARCH_USER_PATHS = NO;
				CLANG_CXX_LANGUAGE_STANDARD = "gnu++0x";
				CLANG_CXX_LIBRARY = "libc++";
				CLANG_ENABLE_MODULES = YES;
				CLANG_ENABLE_OBJC_ARC = YES;
				CLANG_WARN_BOOL_CONVERSION = YES;
				CLANG_WARN_CONSTANT_CONVERSION = YES;
				CLANG_WARN_DIRECT_OBJC_ISA_USAGE = YES_ERROR;
				CLANG_WARN_EMPTY_BODY = YES;
				CLANG_WARN_ENUM_CONVERSION = YES;
				CLANG_WARN_INT_CONVERSION = YES;
				CLANG_WARN_OBJC_ROOT_CLASS = YES_ERROR;
				CLANG_WARN_UNREACHABLE_CODE = YES;
				CLANG_WARN__DUPLICATE_METHOD_MATCH = YES;
				"CODE_SIGN_IDENTITY[sdk=iphoneos*]" = "iPhone Developer";
				COPY_PHASE_STRIP = NO;
				ENABLE_STRICT_OBJC_MSGSEND = YES;
				GCC_C_LANGUAGE_STANDARD = gnu99;
				GCC_DYNAMIC_NO_PIC = NO;
				GCC_OPTIMIZATION_LEVEL = 0;
				GCC_PREPROCESSOR_DEFINITIONS = (
					"DEBUG=1",
					"$(inherited)",
				);
				GCC_SYMBOLS_PRIVATE_EXTERN = NO;
				GCC_WARN_64_TO_32_BIT_CONVERSION = YES;
				GCC_WARN_ABOUT_RETURN_TYPE = YES_ERROR;
				GCC_WARN_UNDECLARED_SELECTOR = YES;
				GCC_WARN_UNINITIALIZED_AUTOS = YES_AGGRESSIVE;
				GCC_WARN_UNUSED_FUNCTION = YES;
				GCC_WARN_UNUSED_VARIABLE = YES;
				IPHONEOS_DEPLOYMENT_TARGET = 8.1;
				MTL_ENABLE_DEBUG_INFO = YES;
				ONLY_ACTIVE_ARCH = YES;
				SDKROOT = iphoneos;
			};
			name = Debug;
		};
		4B1ED8421A7D9EB00049ADFA /* Release */ = {
			isa = XCBuildConfiguration;
			buildSettings = {
				ALWAYS_SEARCH_USER_PATHS = NO;
				CLANG_CXX_LANGUAGE_STANDARD = "gnu++0x";
				CLANG_CXX_LIBRARY = "libc++";
				CLANG_ENABLE_MODULES = YES;
				CLANG_ENABLE_OBJC_ARC = YES;
				CLANG_WARN_BOOL_CONVERSION = YES;
				CLANG_WARN_CONSTANT_CONVERSION = YES;
				CLANG_WARN_DIRECT_OBJC_ISA_USAGE = YES_ERROR;
				CLANG_WARN_EMPTY_BODY = YES;
				CLANG_WARN_ENUM_CONVERSION = YES;
				CLANG_WARN_INT_CONVERSION = YES;
				CLANG_WARN_OBJC_ROOT_CLASS = YES_ERROR;
				CLANG_WARN_UNREACHABLE_CODE = YES;
				CLANG_WARN__DUPLICATE_METHOD_MATCH = YES;
				"CODE_SIGN_IDENTITY[sdk=iphoneos*]" = "iPhone Developer";
				COPY_PHASE_STRIP = YES;
				ENABLE_NS_ASSERTIONS = NO;
				ENABLE_STRICT_OBJC_MSGSEND = YES;
				GCC_C_LANGUAGE_STANDARD = gnu99;
				GCC_WARN_64_TO_32_BIT_CONVERSION = YES;
				GCC_WARN_ABOUT_RETURN_TYPE = YES_ERROR;
				GCC_WARN_UNDECLARED_SELECTOR = YES;
				GCC_WARN_UNINITIALIZED_AUTOS = YES_AGGRESSIVE;
				GCC_WARN_UNUSED_FUNCTION = YES;
				GCC_WARN_UNUSED_VARIABLE = YES;
				IPHONEOS_DEPLOYMENT_TARGET = 8.1;
				MTL_ENABLE_DEBUG_INFO = NO;
				SDKROOT = iphoneos;
				VALIDATE_PRODUCT = YES;
			};
			name = Release;
		};
		4B1ED8441A7D9EB00049ADFA /* Debug */ = {
			isa = XCBuildConfiguration;
			baseConfigurationReference = FA9674B659472AF8F11836C4 /* Pods.debug.xcconfig */;
			buildSettings = {
				ASSETCATALOG_COMPILER_APPICON_NAME = AppIcon;
				INFOPLIST_FILE = ailos/Info.plist;
				LD_RUNPATH_SEARCH_PATHS = "$(inherited) @executable_path/Frameworks";
				PRODUCT_NAME = "$(TARGET_NAME)";
			};
			name = Debug;
		};
		4B1ED8451A7D9EB00049ADFA /* Release */ = {
			isa = XCBuildConfiguration;
			baseConfigurationReference = D9530F02E38F64268A57CEFE /* Pods.release.xcconfig */;
			buildSettings = {
				ASSETCATALOG_COMPILER_APPICON_NAME = AppIcon;
				INFOPLIST_FILE = ailos/Info.plist;
				LD_RUNPATH_SEARCH_PATHS = "$(inherited) @executable_path/Frameworks";
				PRODUCT_NAME = "$(TARGET_NAME)";
			};
			name = Release;
		};
		4B1ED8471A7D9EB00049ADFA /* Debug */ = {
			isa = XCBuildConfiguration;
			buildSettings = {
				BUNDLE_LOADER = "$(TEST_HOST)";
				FRAMEWORK_SEARCH_PATHS = (
					"$(SDKROOT)/Developer/Library/Frameworks",
					"$(inherited)",
				);
				GCC_PREPROCESSOR_DEFINITIONS = (
					"DEBUG=1",
					"$(inherited)",
				);
				INFOPLIST_FILE = ailosTests/Info.plist;
				LD_RUNPATH_SEARCH_PATHS = "$(inherited) @executable_path/Frameworks @loader_path/Frameworks";
				PRODUCT_NAME = "$(TARGET_NAME)";
				TEST_HOST = "$(BUILT_PRODUCTS_DIR)/ailos.app/ailos";
			};
			name = Debug;
		};
		4B1ED8481A7D9EB00049ADFA /* Release */ = {
			isa = XCBuildConfiguration;
			buildSettings = {
				BUNDLE_LOADER = "$(TEST_HOST)";
				FRAMEWORK_SEARCH_PATHS = (
					"$(SDKROOT)/Developer/Library/Frameworks",
					"$(inherited)",
				);
				INFOPLIST_FILE = ailosTests/Info.plist;
				LD_RUNPATH_SEARCH_PATHS = "$(inherited) @executable_path/Frameworks @loader_path/Frameworks";
				PRODUCT_NAME = "$(TARGET_NAME)";
				TEST_HOST = "$(BUILT_PRODUCTS_DIR)/ailos.app/ailos";
			};
			name = Release;
		};
/* End XCBuildConfiguration section */

/* Begin XCConfigurationList section */
		4B1ED8181A7D9EAF0049ADFA /* Build configuration list for PBXProject "ailos" */ = {
			isa = XCConfigurationList;
			buildConfigurations = (
				4B1ED8411A7D9EB00049ADFA /* Debug */,
				4B1ED8421A7D9EB00049ADFA /* Release */,
			);
			defaultConfigurationIsVisible = 0;
			defaultConfigurationName = Release;
		};
		4B1ED8431A7D9EB00049ADFA /* Build configuration list for PBXNativeTarget "ailos" */ = {
			isa = XCConfigurationList;
			buildConfigurations = (
				4B1ED8441A7D9EB00049ADFA /* Debug */,
				4B1ED8451A7D9EB00049ADFA /* Release */,
			);
			defaultConfigurationIsVisible = 0;
			defaultConfigurationName = Release;
		};
		4B1ED8461A7D9EB00049ADFA /* Build configuration list for PBXNativeTarget "ailosTests" */ = {
			isa = XCConfigurationList;
			buildConfigurations = (
				4B1ED8471A7D9EB00049ADFA /* Debug */,
				4B1ED8481A7D9EB00049ADFA /* Release */,
			);
			defaultConfigurationIsVisible = 0;
			defaultConfigurationName = Release;
		};
/* End XCConfigurationList section */

/* Begin XCVersionGroup section */
		4B1ED8271A7D9EAF0049ADFA /* ailos.xcdatamodeld */ = {
			isa = XCVersionGroup;
			children = (
				4B1ED8281A7D9EAF0049ADFA /* ailos.xcdatamodel */,
			);
			currentVersion = 4B1ED8281A7D9EAF0049ADFA /* ailos.xcdatamodel */;
			path = ailos.xcdatamodeld;
			sourceTree = "<group>";
			versionGroupType = wrapper.xcdatamodel;
		};
/* End XCVersionGroup section */
	};
	rootObject = 4B1ED8151A7D9EAF0049ADFA /* Project object */;
}
